
Microsoft Visual Studio Solution File, Format Version 12.00
# Visual Studio Version 17
VisualStudioVersion = 17.4.33122.133
MinimumVisualStudioVersion = 10.0.40219.1
Project("{FAE04EC0-301F-11D3-BF4B-00C04F79EFBC}") = "SportsApplication", "SportsApplication\SportsApplication.csproj", "{ECCDAE16-DBE5-49B9-81F9-3FE430A834A3}"
EndProject
Global
	GlobalSection(SolutionConfigurationPlatforms) = preSolution
		Debug|Any CPU = Debug|Any CPU
		Release|Any CPU = Release|Any CPU
	EndGlobalSection
	GlobalSection(ProjectConfigurationPlatforms) = postSolution
		{ECCDAE16-DBE5-49B9-81F9-3FE430A834A3}.Debug|Any CPU.ActiveCfg = Debug|Any CPU
		{ECCDAE16-DBE5-49B9-81F9-3FE430A834A3}.Debug|Any CPU.Build.0 = Debug|Any CPU
		{ECCDAE16-DBE5-49B9-81F9-3FE430A834A3}.Release|Any CPU.ActiveCfg = Release|Any CPU
		{ECCDAE16-DBE5-49B9-81F9-3FE430A834A3}.Release|Any CPU.Build.0 = Release|Any CPU
	EndGlobalSection
	GlobalSection(SolutionProperties) = preSolution
		HideSolutionNode = FALSE
	EndGlobalSection
	GlobalSection(ExtensibilityGlobals) = postSolution
		SolutionGuid = {B751AA17-EC82-4E83-91A3-593BEC90FB31}
	EndGlobalSection
EndGlobal
